// !$*UTF8*$!
{
	archiveVersion = 1;
	classes = {
	};
	objectVersion = 51;
	objects = {

/* Begin PBXBuildFile section */
		2748A6AAA3F9E39256070313 /* Pods_foodDiray.framework in Frameworks */ = {isa = PBXBuildFile; fileRef = C87C27929308062D131F3901 /* Pods_foodDiray.framework */; };
		8215805025AD8BB6005CB92B /* MainTableViewCell.swift in Sources */ = {isa = PBXBuildFile; fileRef = 8215804F25AD8BB6005CB92B /* MainTableViewCell.swift */; };
		82365903259C71800008F668 /* AppDelegate.swift in Sources */ = {isa = PBXBuildFile; fileRef = 82365902259C71800008F668 /* AppDelegate.swift */; };
		82365905259C71800008F668 /* SceneDelegate.swift in Sources */ = {isa = PBXBuildFile; fileRef = 82365904259C71800008F668 /* SceneDelegate.swift */; };
		8236590A259C71800008F668 /* Main.storyboard in Resources */ = {isa = PBXBuildFile; fileRef = 82365908259C71800008F668 /* Main.storyboard */; };
		8236590C259C71810008F668 /* Assets.xcassets in Resources */ = {isa = PBXBuildFile; fileRef = 8236590B259C71810008F668 /* Assets.xcassets */; };
		8236590F259C71810008F668 /* LaunchScreen.storyboard in Resources */ = {isa = PBXBuildFile; fileRef = 8236590D259C71810008F668 /* LaunchScreen.storyboard */; };
		82658D9D259DAB69006E341D /* LoginViewModel.swift in Sources */ = {isa = PBXBuildFile; fileRef = 82658D9B259DAB69006E341D /* LoginViewModel.swift */; };
		82658D9E259DAB69006E341D /* LoginViewController.swift in Sources */ = {isa = PBXBuildFile; fileRef = 82658D9C259DAB69006E341D /* LoginViewController.swift */; };
		82658DA2259DC6E0006E341D /* NetworkDTO.swift in Sources */ = {isa = PBXBuildFile; fileRef = 82658DA1259DC6E0006E341D /* NetworkDTO.swift */; };
		82B66E6E25B05F40004A47F9 /* PostEditViewController.swift in Sources */ = {isa = PBXBuildFile; fileRef = 82B66E6D25B05F40004A47F9 /* PostEditViewController.swift */; };
		82CEB63825A30735000FF524 /* LoginModel.swift in Sources */ = {isa = PBXBuildFile; fileRef = 82CEB63725A30735000FF524 /* LoginModel.swift */; };
		82F4EE1C25AD8A3400EB1C00 /* MainViewController.swift in Sources */ = {isa = PBXBuildFile; fileRef = 82F4EE1B25AD8A3400EB1C00 /* MainViewController.swift */; };
/* End PBXBuildFile section */

/* Begin PBXFileReference section */
		783A09E34F913B560884BFD8 /* Pods-foodDiray.release.xcconfig */ = {isa = PBXFileReference; includeInIndex = 1; lastKnownFileType = text.xcconfig; name = "Pods-foodDiray.release.xcconfig"; path = "Target Support Files/Pods-foodDiray/Pods-foodDiray.release.xcconfig"; sourceTree = "<group>"; };
		8215804F25AD8BB6005CB92B /* MainTableViewCell.swift */ = {isa = PBXFileReference; lastKnownFileType = sourcecode.swift; path = MainTableViewCell.swift; sourceTree = "<group>"; };
		823658FF259C71800008F668 /* foodDiray.app */ = {isa = PBXFileReference; explicitFileType = wrapper.application; includeInIndex = 0; path = foodDiray.app; sourceTree = BUILT_PRODUCTS_DIR; };
		82365902259C71800008F668 /* AppDelegate.swift */ = {isa = PBXFileReference; lastKnownFileType = sourcecode.swift; path = AppDelegate.swift; sourceTree = "<group>"; };
		82365904259C71800008F668 /* SceneDelegate.swift */ = {isa = PBXFileReference; lastKnownFileType = sourcecode.swift; path = SceneDelegate.swift; sourceTree = "<group>"; };
		82365909259C71800008F668 /* Base */ = {isa = PBXFileReference; lastKnownFileType = file.storyboard; name = Base; path = Base.lproj/Main.storyboard; sourceTree = "<group>"; };
		8236590B259C71810008F668 /* Assets.xcassets */ = {isa = PBXFileReference; lastKnownFileType = folder.assetcatalog; path = Assets.xcassets; sourceTree = "<group>"; };
		8236590E259C71810008F668 /* Base */ = {isa = PBXFileReference; lastKnownFileType = file.storyboard; name = Base; path = Base.lproj/LaunchScreen.storyboard; sourceTree = "<group>"; };
		82365910259C71810008F668 /* Info.plist */ = {isa = PBXFileReference; lastKnownFileType = text.plist.xml; path = Info.plist; sourceTree = "<group>"; };
		82658D9B259DAB69006E341D /* LoginViewModel.swift */ = {isa = PBXFileReference; fileEncoding = 4; lastKnownFileType = sourcecode.swift; path = LoginViewModel.swift; sourceTree = "<group>"; };
		82658D9C259DAB69006E341D /* LoginViewController.swift */ = {isa = PBXFileReference; fileEncoding = 4; lastKnownFileType = sourcecode.swift; path = LoginViewController.swift; sourceTree = "<group>"; };
		82658DA1259DC6E0006E341D /* NetworkDTO.swift */ = {isa = PBXFileReference; lastKnownFileType = sourcecode.swift; path = NetworkDTO.swift; sourceTree = "<group>"; };
		82B66E6D25B05F40004A47F9 /* PostEditViewController.swift */ = {isa = PBXFileReference; lastKnownFileType = sourcecode.swift; path = PostEditViewController.swift; sourceTree = "<group>"; };
		82CEB63725A30735000FF524 /* LoginModel.swift */ = {isa = PBXFileReference; lastKnownFileType = sourcecode.swift; path = LoginModel.swift; sourceTree = "<group>"; };
		82F4EE1B25AD8A3400EB1C00 /* MainViewController.swift */ = {isa = PBXFileReference; lastKnownFileType = sourcecode.swift; path = MainViewController.swift; sourceTree = "<group>"; };
		C87C27929308062D131F3901 /* Pods_foodDiray.framework */ = {isa = PBXFileReference; explicitFileType = wrapper.framework; includeInIndex = 0; path = Pods_foodDiray.framework; sourceTree = BUILT_PRODUCTS_DIR; };
		FF1B231654DD29B60A4F450B /* Pods-foodDiray.debug.xcconfig */ = {isa = PBXFileReference; includeInIndex = 1; lastKnownFileType = text.xcconfig; name = "Pods-foodDiray.debug.xcconfig"; path = "Target Support Files/Pods-foodDiray/Pods-foodDiray.debug.xcconfig"; sourceTree = "<group>"; };
/* End PBXFileReference section */

/* Begin PBXFrameworksBuildPhase section */
		823658FC259C71800008F668 /* Frameworks */ = {
			isa = PBXFrameworksBuildPhase;
			buildActionMask = 2147483647;
			files = (
				2748A6AAA3F9E39256070313 /* Pods_foodDiray.framework in Frameworks */,
			);
			runOnlyForDeploymentPostprocessing = 0;
		};
/* End PBXFrameworksBuildPhase section */

/* Begin PBXGroup section */
		6B53EED8C1D03355F9E1748B /* Frameworks */ = {
			isa = PBXGroup;
			children = (
				C87C27929308062D131F3901 /* Pods_foodDiray.framework */,
			);
			name = Frameworks;
			sourceTree = "<group>";
		};
		823658F6259C71800008F668 = {
			isa = PBXGroup;
			children = (
				82365901259C71800008F668 /* foodDiray */,
				82365900259C71800008F668 /* Products */,
				85C6FF2F4552CC0ED1CA6B9D /* Pods */,
				6B53EED8C1D03355F9E1748B /* Frameworks */,
			);
			sourceTree = "<group>";
		};
		82365900259C71800008F668 /* Products */ = {
			isa = PBXGroup;
			children = (
				823658FF259C71800008F668 /* foodDiray.app */,
			);
			name = Products;
			sourceTree = "<group>";
		};
		82365901259C71800008F668 /* foodDiray */ = {
			isa = PBXGroup;
			children = (
				82B66E6C25B05F2D004A47F9 /* Post */,
				82F4EE1125AD89B700EB1C00 /* Main */,
				82658DA0259DC6CB006E341D /* Network */,
				82658D9A259DAB69006E341D /* Login */,
				82658D99259DAB06006E341D /* Storyboard */,
				82365902259C71800008F668 /* AppDelegate.swift */,
				82365904259C71800008F668 /* SceneDelegate.swift */,
				8236590B259C71810008F668 /* Assets.xcassets */,
				8236590D259C71810008F668 /* LaunchScreen.storyboard */,
				82365910259C71810008F668 /* Info.plist */,
			);
			path = foodDiray;
			sourceTree = "<group>";
		};
		82658D99259DAB06006E341D /* Storyboard */ = {
			isa = PBXGroup;
			children = (
				82365908259C71800008F668 /* Main.storyboard */,
			);
			path = Storyboard;
			sourceTree = "<group>";
		};
		82658D9A259DAB69006E341D /* Login */ = {
			isa = PBXGroup;
			children = (
				82658D9B259DAB69006E341D /* LoginViewModel.swift */,
				82658D9C259DAB69006E341D /* LoginViewController.swift */,
				82CEB63725A30735000FF524 /* LoginModel.swift */,
			);
			path = Login;
			sourceTree = "<group>";
		};
		82658DA0259DC6CB006E341D /* Network */ = {
			isa = PBXGroup;
			children = (
				82658DA1259DC6E0006E341D /* NetworkDTO.swift */,
			);
			path = Network;
			sourceTree = "<group>";
		};
		82B66E6C25B05F2D004A47F9 /* Post */ = {
			isa = PBXGroup;
			children = (
				82B66E6D25B05F40004A47F9 /* PostEditViewController.swift */,
			);
			path = Post;
			sourceTree = "<group>";
		};
		82F4EE1125AD89B700EB1C00 /* Main */ = {
			isa = PBXGroup;
			children = (
				82F4EE1B25AD8A3400EB1C00 /* MainViewController.swift */,
				8215804F25AD8BB6005CB92B /* MainTableViewCell.swift */,
			);
			path = Main;
			sourceTree = "<group>";
		};
		85C6FF2F4552CC0ED1CA6B9D /* Pods */ = {
			isa = PBXGroup;
			children = (
				FF1B231654DD29B60A4F450B /* Pods-foodDiray.debug.xcconfig */,
				783A09E34F913B560884BFD8 /* Pods-foodDiray.release.xcconfig */,
			);
			path = Pods;
			sourceTree = "<group>";
		};
/* End PBXGroup section */

/* Begin PBXNativeTarget section */
		823658FE259C71800008F668 /* foodDiray */ = {
			isa = PBXNativeTarget;
			buildConfigurationList = 82365913259C71810008F668 /* Build configuration list for PBXNativeTarget "foodDiray" */;
			buildPhases = (
				D55F6A01AEE4DFF921053306 /* [CP] Check Pods Manifest.lock */,
				823658FB259C71800008F668 /* Sources */,
				823658FC259C71800008F668 /* Frameworks */,
				823658FD259C71800008F668 /* Resources */,
				0AE419577183DF907133125D /* [CP] Embed Pods Frameworks */,
			);
			buildRules = (
			);
			dependencies = (
			);
			name = foodDiray;
			productName = foodDiray;
			productReference = 823658FF259C71800008F668 /* foodDiray.app */;
			productType = "com.apple.product-type.application";
		};
/* End PBXNativeTarget section */

/* Begin PBXProject section */
		823658F7259C71800008F668 /* Project object */ = {
			isa = PBXProject;
			attributes = {
				LastSwiftUpdateCheck = 1230;
				LastUpgradeCheck = 1230;
				TargetAttributes = {
					823658FE259C71800008F668 = {
						CreatedOnToolsVersion = 12.3;
					};
				};
			};
			buildConfigurationList = 823658FA259C71800008F668 /* Build configuration list for PBXProject "foodDiray" */;
			compatibilityVersion = "Xcode 9.3";
			developmentRegion = en;
			hasScannedForEncodings = 0;
			knownRegions = (
				en,
				Base,
			);
			mainGroup = 823658F6259C71800008F668;
			productRefGroup = 82365900259C71800008F668 /* Products */;
			projectDirPath = "";
			projectRoot = "";
			targets = (
				823658FE259C71800008F668 /* foodDiray */,
			);
		};
/* End PBXProject section */

/* Begin PBXResourcesBuildPhase section */
		823658FD259C71800008F668 /* Resources */ = {
			isa = PBXResourcesBuildPhase;
			buildActionMask = 2147483647;
			files = (
				8236590F259C71810008F668 /* LaunchScreen.storyboard in Resources */,
				8236590C259C71810008F668 /* Assets.xcassets in Resources */,
				8236590A259C71800008F668 /* Main.storyboard in Resources */,
			);
			runOnlyForDeploymentPostprocessing = 0;
		};
/* End PBXResourcesBuildPhase section */

/* Begin PBXShellScriptBuildPhase section */
		0AE419577183DF907133125D /* [CP] Embed Pods Frameworks */ = {
			isa = PBXShellScriptBuildPhase;
			buildActionMask = 2147483647;
			files = (
			);
			inputFileListPaths = (
				"${PODS_ROOT}/Target Support Files/Pods-foodDiray/Pods-foodDiray-frameworks-${CONFIGURATION}-input-files.xcfilelist",
			);
			name = "[CP] Embed Pods Frameworks";
			outputFileListPaths = (
				"${PODS_ROOT}/Target Support Files/Pods-foodDiray/Pods-foodDiray-frameworks-${CONFIGURATION}-output-files.xcfilelist",
			);
			runOnlyForDeploymentPostprocessing = 0;
			shellPath = /bin/sh;
			shellScript = "\"${PODS_ROOT}/Target Support Files/Pods-foodDiray/Pods-foodDiray-frameworks.sh\"\n";
			showEnvVarsInLog = 0;
		};
		D55F6A01AEE4DFF921053306 /* [CP] Check Pods Manifest.lock */ = {
			isa = PBXShellScriptBuildPhase;
			buildActionMask = 2147483647;
			files = (
			);
			inputFileListPaths = (
			);
			inputPaths = (
				"${PODS_PODFILE_DIR_PATH}/Podfile.lock",
				"${PODS_ROOT}/Manifest.lock",
			);
			name = "[CP] Check Pods Manifest.lock";
			outputFileListPaths = (
			);
			outputPaths = (
				"$(DERIVED_FILE_DIR)/Pods-foodDiray-checkManifestLockResult.txt",
			);
			runOnlyForDeploymentPostprocessing = 0;
			shellPath = /bin/sh;
			shellScript = "diff \"${PODS_PODFILE_DIR_PATH}/Podfile.lock\" \"${PODS_ROOT}/Manifest.lock\" > /dev/null\nif [ $? != 0 ] ; then\n    # print error to STDERR\n    echo \"error: The sandbox is not in sync with the Podfile.lock. Run 'pod install' or update your CocoaPods installation.\" >&2\n    exit 1\nfi\n# This output is used by Xcode 'outputs' to avoid re-running this script phase.\necho \"SUCCESS\" > \"${SCRIPT_OUTPUT_FILE_0}\"\n";
			showEnvVarsInLog = 0;
		};
/* End PBXShellScriptBuildPhase section */

/* Begin PBXSourcesBuildPhase section */
		823658FB259C71800008F668 /* Sources */ = {
			isa = PBXSourcesBuildPhase;
			buildActionMask = 2147483647;
			files = (
				82658D9D259DAB69006E341D /* LoginViewModel.swift in Sources */,
				82CEB63825A30735000FF524 /* LoginModel.swift in Sources */,
				82B66E6E25B05F40004A47F9 /* PostEditViewController.swift in Sources */,
				8215805025AD8BB6005CB92B /* MainTableViewCell.swift in Sources */,
				82365903259C71800008F668 /* AppDelegate.swift in Sources */,
				82658DA2259DC6E0006E341D /* NetworkDTO.swift in Sources */,
				82658D9E259DAB69006E341D /* LoginViewController.swift in Sources */,
				82365905259C71800008F668 /* SceneDelegate.swift in Sources */,
				82F4EE1C25AD8A3400EB1C00 /* MainViewController.swift in Sources */,
			);
			runOnlyForDeploymentPostprocessing = 0;
		};
/* End PBXSourcesBuildPhase section */

/* Begin PBXVariantGroup section */
		82365908259C71800008F668 /* Main.storyboard */ = {
			isa = PBXVariantGroup;
			children = (
				82365909259C71800008F668 /* Base */,
			);
			name = Main.storyboard;
			sourceTree = "<group>";
		};
		8236590D259C71810008F668 /* LaunchScreen.storyboard */ = {
			isa = PBXVariantGroup;
			children = (
				8236590E259C71810008F668 /* Base */,
			);
			name = LaunchScreen.storyboard;
			sourceTree = "<group>";
		};
/* End PBXVariantGroup section */

/* Begin XCBuildConfiguration section */
		82365911259C71810008F668 /* Debug */ = {
			isa = XCBuildConfiguration;
			buildSettings = {
				ALWAYS_SEARCH_USER_PATHS = NO;
				CLANG_ANALYZER_NONNULL = YES;
				CLANG_ANALYZER_NUMBER_OBJECT_CONVERSION = YES_AGGRESSIVE;
				CLANG_CXX_LANGUAGE_STANDARD = "gnu++14";
				CLANG_CXX_LIBRARY = "libc++";
				CLANG_ENABLE_MODULES = YES;
				CLANG_ENABLE_OBJC_ARC = YES;
				CLANG_ENABLE_OBJC_WEAK = YES;
				CLANG_WARN_BLOCK_CAPTURE_AUTORELEASING = YES;
				CLANG_WARN_BOOL_CONVERSION = YES;
				CLANG_WARN_COMMA = YES;
				CLANG_WARN_CONSTANT_CONVERSION = YES;
				CLANG_WARN_DEPRECATED_OBJC_IMPLEMENTATIONS = YES;
				CLANG_WARN_DIRECT_OBJC_ISA_USAGE = YES_ERROR;
				CLANG_WARN_DOCUMENTATION_COMMENTS = YES;
				CLANG_WARN_EMPTY_BODY = YES;
				CLANG_WARN_ENUM_CONVERSION = YES;
				CLANG_WARN_INFINITE_RECURSION = YES;
				CLANG_WARN_INT_CONVERSION = YES;
				CLANG_WARN_NON_LITERAL_NULL_CONVERSION = YES;
				CLANG_WARN_OBJC_IMPLICIT_RETAIN_SELF = YES;
				CLANG_WARN_OBJC_LITERAL_CONVERSION = YES;
				CLANG_WARN_OBJC_ROOT_CLASS = YES_ERROR;
				CLANG_WARN_QUOTED_INCLUDE_IN_FRAMEWORK_HEADER = YES;
				CLANG_WARN_RANGE_LOOP_ANALYSIS = YES;
				CLANG_WARN_STRICT_PROTOTYPES = YES;
				CLANG_WARN_SUSPICIOUS_MOVE = YES;
				CLANG_WARN_UNGUARDED_AVAILABILITY = YES_AGGRESSIVE;
				CLANG_WARN_UNREACHABLE_CODE = YES;
				CLANG_WARN__DUPLICATE_METHOD_MATCH = YES;
				COPY_PHASE_STRIP = NO;
				DEBUG_INFORMATION_FORMAT = dwarf;
				ENABLE_STRICT_OBJC_MSGSEND = YES;
				ENABLE_TESTABILITY = YES;
				GCC_C_LANGUAGE_STANDARD = gnu11;
				GCC_DYNAMIC_NO_PIC = NO;
				GCC_NO_COMMON_BLOCKS = YES;
				GCC_OPTIMIZATION_LEVEL = 0;
				GCC_PREPROCESSOR_DEFINITIONS = (
					"DEBUG=1",
					"$(inherited)",
				);
				GCC_WARN_64_TO_32_BIT_CONVERSION = YES;
				GCC_WARN_ABOUT_RETURN_TYPE = YES_ERROR;
				GCC_WARN_UNDECLARED_SELECTOR = YES;
				GCC_WARN_UNINITIALIZED_AUTOS = YES_AGGRESSIVE;
				GCC_WARN_UNUSED_FUNCTION = YES;
				GCC_WARN_UNUSED_VARIABLE = YES;
				IPHONEOS_DEPLOYMENT_TARGET = 14.3;
				MTL_ENABLE_DEBUG_INFO = INCLUDE_SOURCE;
				MTL_FAST_MATH = YES;
				ONLY_ACTIVE_ARCH = YES;
				SDKROOT = iphoneos;
				SWIFT_ACTIVE_COMPILATION_CONDITIONS = DEBUG;
				SWIFT_OPTIMIZATION_LEVEL = "-Onone";
			};
			name = Debug;
		};
		82365912259C71810008F668 /* Release */ = {
			isa = XCBuildConfiguration;
			buildSettings = {
				ALWAYS_SEARCH_USER_PATHS = NO;
				CLANG_ANALYZER_NONNULL = YES;
				CLANG_ANALYZER_NUMBER_OBJECT_CONVERSION = YES_AGGRESSIVE;
				CLANG_CXX_LANGUAGE_STANDARD = "gnu++14";
				CLANG_CXX_LIBRARY = "libc++";
				CLANG_ENABLE_MODULES = YES;
				CLANG_ENABLE_OBJC_ARC = YES;
				CLANG_ENABLE_OBJC_WEAK = YES;
				CLANG_WARN_BLOCK_CAPTURE_AUTORELEASING = YES;
				CLANG_WARN_BOOL_CONVERSION = YES;
				CLANG_WARN_COMMA = YES;
				CLANG_WARN_CONSTANT_CONVERSION = YES;
				CLANG_WARN_DEPRECATED_OBJC_IMPLEMENTATIONS = YES;
				CLANG_WARN_DIRECT_OBJC_ISA_USAGE = YES_ERROR;
				CLANG_WARN_DOCUMENTATION_COMMENTS = YES;
				CLANG_WARN_EMPTY_BODY = YES;
				CLANG_WARN_ENUM_CONVERSION = YES;
				CLANG_WARN_INFINITE_RECURSION = YES;
				CLANG_WARN_INT_CONVERSION = YES;
				CLANG_WARN_NON_LITERAL_NULL_CONVERSION = YES;
				CLANG_WARN_OBJC_IMPLICIT_RETAIN_SELF = YES;
				CLANG_WARN_OBJC_LITERAL_CONVERSION = YES;
				CLANG_WARN_OBJC_ROOT_CLASS = YES_ERROR;
				CLANG_WARN_QUOTED_INCLUDE_IN_FRAMEWORK_HEADER = YES;
				CLANG_WARN_RANGE_LOOP_ANALYSIS = YES;
				CLANG_WARN_STRICT_PROTOTYPES = YES;
				CLANG_WARN_SUSPICIOUS_MOVE = YES;
				CLANG_WARN_UNGUARDED_AVAILABILITY = YES_AGGRESSIVE;
				CLANG_WARN_UNREACHABLE_CODE = YES;
				CLANG_WARN__DUPLICATE_METHOD_MATCH = YES;
				COPY_PHASE_STRIP = NO;
				DEBUG_INFORMATION_FORMAT = "dwarf-with-dsym";
				ENABLE_NS_ASSERTIONS = NO;
				ENABLE_STRICT_OBJC_MSGSEND = YES;
				GCC_C_LANGUAGE_STANDARD = gnu11;
				GCC_NO_COMMON_BLOCKS = YES;
				GCC_WARN_64_TO_32_BIT_CONVERSION = YES;
				GCC_WARN_ABOUT_RETURN_TYPE = YES_ERROR;
				GCC_WARN_UNDECLARED_SELECTOR = YES;
				GCC_WARN_UNINITIALIZED_AUTOS = YES_AGGRESSIVE;
				GCC_WARN_UNUSED_FUNCTION = YES;
				GCC_WARN_UNUSED_VARIABLE = YES;
				IPHONEOS_DEPLOYMENT_TARGET = 14.3;
				MTL_ENABLE_DEBUG_INFO = NO;
				MTL_FAST_MATH = YES;
				SDKROOT = iphoneos;
				SWIFT_COMPILATION_MODE = wholemodule;
				SWIFT_OPTIMIZATION_LEVEL = "-O";
				VALIDATE_PRODUCT = YES;
			};
			name = Release;
		};
		82365914259C71810008F668 /* Debug */ = {
			isa = XCBuildConfiguration;
			baseConfigurationReference = FF1B231654DD29B60A4F450B /* Pods-foodDiray.debug.xcconfig */;
			buildSettings = {
				ASSETCATALOG_COMPILER_APPICON_NAME = AppIcon;
				ASSETCATALOG_COMPILER_GLOBAL_ACCENT_COLOR_NAME = AccentColor;
				CODE_SIGN_STYLE = Automatic;
				DEVELOPMENT_TEAM = XJHDNUWBP6;
				INFOPLIST_FILE = foodDiray/Info.plist;
				LD_RUNPATH_SEARCH_PATHS = (
					"$(inherited)",
					"@executable_path/Frameworks",
				);
				PRODUCT_BUNDLE_IDENTIFIER = com.foodDiray;
				PRODUCT_NAME = "$(TARGET_NAME)";
				SWIFT_VERSION = 5.0;
				TARGETED_DEVICE_FAMILY = "1,2";
			};
			name = Debug;
		};
		82365915259C71810008F668 /* Release */ = {
			isa = XCBuildConfiguration;
			baseConfigurationReference = 783A09E34F913B560884BFD8 /* Pods-foodDiray.release.xcconfig */;
			buildSettings = {
				ASSETCATALOG_COMPILER_APPICON_NAME = AppIcon;
				ASSETCATALOG_COMPILER_GLOBAL_ACCENT_COLOR_NAME = AccentColor;
				CODE_SIGN_STYLE = Automatic;
				DEVELOPMENT_TEAM = XJHDNUWBP6;
				INFOPLIST_FILE = foodDiray/Info.plist;
				LD_RUNPATH_SEARCH_PATHS = (
					"$(inherited)",
					"@executable_path/Frameworks",
				);
				PRODUCT_BUNDLE_IDENTIFIER = com.foodDiray;
				PRODUCT_NAME = "$(TARGET_NAME)";
				SWIFT_VERSION = 5.0;
				TARGETED_DEVICE_FAMILY = "1,2";
			};
			name = Release;
		};
/* End XCBuildConfiguration section */

/* Begin XCConfigurationList section */
		823658FA259C71800008F668 /* Build configuration list for PBXProject "foodDiray" */ = {
			isa = XCConfigurationList;
			buildConfigurations = (
				82365911259C71810008F668 /* Debug */,
				82365912259C71810008F668 /* Release */,
			);
			defaultConfigurationIsVisible = 0;
			defaultConfigurationName = Release;
		};
		82365913259C71810008F668 /* Build configuration list for PBXNativeTarget "foodDiray" */ = {
			isa = XCConfigurationList;
			buildConfigurations = (
				82365914259C71810008F668 /* Debug */,
				82365915259C71810008F668 /* Release */,
			);
			defaultConfigurationIsVisible = 0;
			defaultConfigurationName = Release;
		};
/* End XCConfigurationList section */
	};
	rootObject = 823658F7259C71800008F668 /* Project object */;
}
